
Microsoft Visual Studio Solution File, Format Version 12.00
# Visual Studio 2012
Project("{FAE04EC0-301F-11D3-BF4B-00C04F79EFBC}") = "GniazdaOkna", "GniazdaOkna\GniazdaOkna.csproj", "{B010F306-4DC5-43C7-B495-60789FE42ED0}"
EndProject
Project("{FAE04EC0-301F-11D3-BF4B-00C04F79EFBC}") = "Serwer", "Serwer\Serwer.csproj", "{62734D44-B2F2-4604-B95E-2197D5B006D9}"
EndProject
Project("{FAE04EC0-301F-11D3-BF4B-00C04F79EFBC}") = "Klient", "Klient\Klient.csproj", "{38E687A5-AD41-4AE7-9C12-121C85AB3C0F}"
EndProject
Global
	GlobalSection(SolutionConfigurationPlatforms) = preSolution
		Debug|Any CPU = Debug|Any CPU
		Release|Any CPU = Release|Any CPU
	EndGlobalSection
	GlobalSection(ProjectConfigurationPlatforms) = postSolution
		{B010F306-4DC5-43C7-B495-60789FE42ED0}.Debug|Any CPU.ActiveCfg = Debug|Any CPU
		{B010F306-4DC5-43C7-B495-60789FE42ED0}.Debug|Any CPU.Build.0 = Debug|Any CPU
		{B010F306-4DC5-43C7-B495-60789FE42ED0}.Release|Any CPU.ActiveCfg = Release|Any CPU
		{B010F306-4DC5-43C7-B495-60789FE42ED0}.Release|Any CPU.Build.0 = Release|Any CPU
		{62734D44-B2F2-4604-B95E-2197D5B006D9}.Debug|Any CPU.ActiveCfg = Debug|Any CPU
		{62734D44-B2F2-4604-B95E-2197D5B006D9}.Debug|Any CPU.Build.0 = Debug|Any CPU
		{62734D44-B2F2-4604-B95E-2197D5B006D9}.Release|Any CPU.ActiveCfg = Release|Any CPU
		{62734D44-B2F2-4604-B95E-2197D5B006D9}.Release|Any CPU.Build.0 = Release|Any CPU
		{38E687A5-AD41-4AE7-9C12-121C85AB3C0F}.Debug|Any CPU.ActiveCfg = Debug|Any CPU
		{38E687A5-AD41-4AE7-9C12-121C85AB3C0F}.Debug|Any CPU.Build.0 = Debug|Any CPU
		{38E687A5-AD41-4AE7-9C12-121C85AB3C0F}.Release|Any CPU.ActiveCfg = Release|Any CPU
		{38E687A5-AD41-4AE7-9C12-121C85AB3C0F}.Release|Any CPU.Build.0 = Release|Any CPU
	EndGlobalSection
	GlobalSection(SolutionProperties) = preSolution
		HideSolutionNode = FALSE
	EndGlobalSection
EndGlobal
